
Microsoft Visual Studio Solution File, Format Version 12.00
# Visual Studio Version 16
VisualStudioVersion = 16.0.31205.134
MinimumVisualStudioVersion = 10.0.40219.1
Project("{9A19103F-16F7-4668-BE54-9A1E7A4F7556}") = "CreateNoteService", "CreateNoteService\CreateNoteService.csproj", "{1ED70478-E808-43CF-94AD-A4AB845886FE}"
EndProject
Global
	GlobalSection(SolutionConfigurationPlatforms) = preSolution
		Debug|Any CPU = Debug|Any CPU
		Release|Any CPU = Release|Any CPU
	EndGlobalSection
	GlobalSection(ProjectConfigurationPlatforms) = postSolution
		{1ED70478-E808-43CF-94AD-A4AB845886FE}.Debug|Any CPU.ActiveCfg = Debug|Any CPU
		{1ED70478-E808-43CF-94AD-A4AB845886FE}.Debug|Any CPU.Build.0 = Debug|Any CPU
		{1ED70478-E808-43CF-94AD-A4AB845886FE}.Release|Any CPU.ActiveCfg = Release|Any CPU
		{1ED70478-E808-43CF-94AD-A4AB845886FE}.Release|Any CPU.Build.0 = Release|Any CPU
	EndGlobalSection
	GlobalSection(SolutionProperties) = preSolution
		HideSolutionNode = FALSE
	EndGlobalSection
	GlobalSection(ExtensibilityGlobals) = postSolution
		SolutionGuid = {152A0B04-5500-4833-AA47-0D71E63721E2}
	EndGlobalSection
EndGlobal
